
Microsoft Visual Studio Solution File, Format Version 12.00
# Visual Studio 2013
VisualStudioVersion = 12.0.31101.0
MinimumVisualStudioVersion = 10.0.40219.1
Project("{8BC9CEB8-8B4A-11D0-8D11-00A0C91BC942}") = "Generics", "DesignPattern.vcxproj", "{CD33CD06-C9D7-43C9-ADE5-3C2B83BBD20A}"
EndProject
Project("{2150E333-8FDC-42A3-9474-1A3956D46DE8}") = "Tests", "Tests", "{A9E83719-1402-4117-9074-A3728682513E}"
EndProject
Project("{2150E333-8FDC-42A3-9474-1A3956D46DE8}") = "Librairies", "Librairies", "{383D0525-B145-423B-8FDB-DF357CC80744}"
EndProject
Project("{8BC9CEB8-8B4A-11D0-8D11-00A0C91BC942}") = "TestSuite", "TestSuite.vcxproj", "{109DC281-F5BE-4271-8C76-BC34636A346A}"
	ProjectSection(ProjectDependencies) = postProject
		{CD33CD06-C9D7-43C9-ADE5-3C2B83BBD20A} = {CD33CD06-C9D7-43C9-ADE5-3C2B83BBD20A}
		{798FF179-2C4D-47C7-A20F-46780AEF71A6} = {798FF179-2C4D-47C7-A20F-46780AEF71A6}
	EndProjectSection
EndProject
Project("{8BC9CEB8-8B4A-11D0-8D11-00A0C91BC942}") = "Tools", "Tools.vcxproj", "{20278279-B699-4587-B872-7A746661D354}"
EndProject
Project("{FAE04EC0-301F-11D3-BF4B-00C04F79EFBC}") = "TwitchBot", "..\source\net\TwitchBot\TwitchBot.csproj", "{ED065EF0-71FB-4D08-9111-09DF0EF5203A}"
EndProject
Project("{8BC9CEB8-8B4A-11D0-8D11-00A0C91BC942}") = "Pricing", "Pricing.vcxproj", "{0E1673F3-BE77-4EBD-964A-1E0101CF4A08}"
EndProject
Project("{2150E333-8FDC-42A3-9474-1A3956D46DE8}") = "C++", "C++", "{D26D5276-1B2C-4BFE-93D4-02A5DD17857D}"
EndProject
Project("{8BC9CEB8-8B4A-11D0-8D11-00A0C91BC942}") = "Containers", "Containers.vcxproj", "{798FF179-2C4D-47C7-A20F-46780AEF71A6}"
EndProject
Project("{2150E333-8FDC-42A3-9474-1A3956D46DE8}") = "SubtitlesDownloader", "SubtitlesDownloader", "{161B7B16-66FD-4A90-8F96-F6A20FC294EA}"
EndProject
Project("{2150E333-8FDC-42A3-9474-1A3956D46DE8}") = "Projects", "Projects", "{12FF5B92-C06C-4648-AACA-A063A50F0E57}"
EndProject
Project("{2150E333-8FDC-42A3-9474-1A3956D46DE8}") = "TwitchBot", "TwitchBot", "{7B78E4D1-CA62-4C7E-9EA8-AC642090F65E}"
EndProject
Project("{8BC9CEB8-8B4A-11D0-8D11-00A0C91BC942}") = "SubtitlesDownloaderWrapper", "SubtitlesDownloaderWrapper.vcxproj", "{558ECBC5-1FA9-48F3-955E-BCF2E73FD18E}"
EndProject
Project("{FAE04EC0-301F-11D3-BF4B-00C04F79EFBC}") = "SubtitlesDownloaderWPF", "..\source\net\SubtitlesDownloaderWPF\SubtitlesDownloaderWPF.csproj", "{63FD3953-B658-41FC-9A9D-A1459F24ACB0}"
EndProject
Project("{8BC9CEB8-8B4A-11D0-8D11-00A0C91BC942}") = "Network", "Network.vcxproj", "{B41B1378-0407-4BDB-A8A8-2AB4F1642169}"
EndProject
Global
	GlobalSection(SolutionConfigurationPlatforms) = preSolution
		Debug|Any CPU = Debug|Any CPU
		Debug|Mixed Platforms = Debug|Mixed Platforms
		Debug|Win32 = Debug|Win32
		Release|Any CPU = Release|Any CPU
		Release|Mixed Platforms = Release|Mixed Platforms
		Release|Win32 = Release|Win32
	EndGlobalSection
	GlobalSection(ProjectConfigurationPlatforms) = postSolution
		{CD33CD06-C9D7-43C9-ADE5-3C2B83BBD20A}.Debug|Any CPU.ActiveCfg = Debug|Win32
		{CD33CD06-C9D7-43C9-ADE5-3C2B83BBD20A}.Debug|Mixed Platforms.ActiveCfg = Debug|Win32
		{CD33CD06-C9D7-43C9-ADE5-3C2B83BBD20A}.Debug|Mixed Platforms.Build.0 = Debug|Win32
		{CD33CD06-C9D7-43C9-ADE5-3C2B83BBD20A}.Debug|Win32.ActiveCfg = Debug|Win32
		{CD33CD06-C9D7-43C9-ADE5-3C2B83BBD20A}.Debug|Win32.Build.0 = Debug|Win32
		{CD33CD06-C9D7-43C9-ADE5-3C2B83BBD20A}.Release|Any CPU.ActiveCfg = Release|Win32
		{CD33CD06-C9D7-43C9-ADE5-3C2B83BBD20A}.Release|Mixed Platforms.ActiveCfg = Release|Win32
		{CD33CD06-C9D7-43C9-ADE5-3C2B83BBD20A}.Release|Mixed Platforms.Build.0 = Release|Win32
		{CD33CD06-C9D7-43C9-ADE5-3C2B83BBD20A}.Release|Win32.ActiveCfg = Release|Win32
		{CD33CD06-C9D7-43C9-ADE5-3C2B83BBD20A}.Release|Win32.Build.0 = Release|Win32
		{109DC281-F5BE-4271-8C76-BC34636A346A}.Debug|Any CPU.ActiveCfg = Debug|Win32
		{109DC281-F5BE-4271-8C76-BC34636A346A}.Debug|Mixed Platforms.ActiveCfg = Debug|Win32
		{109DC281-F5BE-4271-8C76-BC34636A346A}.Debug|Mixed Platforms.Build.0 = Debug|Win32
		{109DC281-F5BE-4271-8C76-BC34636A346A}.Debug|Win32.ActiveCfg = Debug|Win32
		{109DC281-F5BE-4271-8C76-BC34636A346A}.Debug|Win32.Build.0 = Debug|Win32
		{109DC281-F5BE-4271-8C76-BC34636A346A}.Release|Any CPU.ActiveCfg = Release|Win32
		{109DC281-F5BE-4271-8C76-BC34636A346A}.Release|Mixed Platforms.ActiveCfg = Release|Win32
		{109DC281-F5BE-4271-8C76-BC34636A346A}.Release|Mixed Platforms.Build.0 = Release|Win32
		{109DC281-F5BE-4271-8C76-BC34636A346A}.Release|Win32.ActiveCfg = Release|Win32
		{109DC281-F5BE-4271-8C76-BC34636A346A}.Release|Win32.Build.0 = Release|Win32
		{20278279-B699-4587-B872-7A746661D354}.Debug|Any CPU.ActiveCfg = Debug|Win32
		{20278279-B699-4587-B872-7A746661D354}.Debug|Mixed Platforms.ActiveCfg = Debug|Win32
		{20278279-B699-4587-B872-7A746661D354}.Debug|Mixed Platforms.Build.0 = Debug|Win32
		{20278279-B699-4587-B872-7A746661D354}.Debug|Win32.ActiveCfg = Debug|Win32
		{20278279-B699-4587-B872-7A746661D354}.Debug|Win32.Build.0 = Debug|Win32
		{20278279-B699-4587-B872-7A746661D354}.Release|Any CPU.ActiveCfg = Release|Win32
		{20278279-B699-4587-B872-7A746661D354}.Release|Mixed Platforms.ActiveCfg = Release|Win32
		{20278279-B699-4587-B872-7A746661D354}.Release|Mixed Platforms.Build.0 = Release|Win32
		{20278279-B699-4587-B872-7A746661D354}.Release|Win32.ActiveCfg = Release|Win32
		{20278279-B699-4587-B872-7A746661D354}.Release|Win32.Build.0 = Release|Win32
		{ED065EF0-71FB-4D08-9111-09DF0EF5203A}.Debug|Any CPU.ActiveCfg = Debug|Any CPU
		{ED065EF0-71FB-4D08-9111-09DF0EF5203A}.Debug|Any CPU.Build.0 = Debug|Any CPU
		{ED065EF0-71FB-4D08-9111-09DF0EF5203A}.Debug|Mixed Platforms.ActiveCfg = Debug|Any CPU
		{ED065EF0-71FB-4D08-9111-09DF0EF5203A}.Debug|Mixed Platforms.Build.0 = Debug|Any CPU
		{ED065EF0-71FB-4D08-9111-09DF0EF5203A}.Debug|Win32.ActiveCfg = Debug|Any CPU
		{ED065EF0-71FB-4D08-9111-09DF0EF5203A}.Release|Any CPU.ActiveCfg = Release|Any CPU
		{ED065EF0-71FB-4D08-9111-09DF0EF5203A}.Release|Any CPU.Build.0 = Release|Any CPU
		{ED065EF0-71FB-4D08-9111-09DF0EF5203A}.Release|Mixed Platforms.ActiveCfg = Release|Any CPU
		{ED065EF0-71FB-4D08-9111-09DF0EF5203A}.Release|Mixed Platforms.Build.0 = Release|Any CPU
		{ED065EF0-71FB-4D08-9111-09DF0EF5203A}.Release|Win32.ActiveCfg = Release|Any CPU
		{0E1673F3-BE77-4EBD-964A-1E0101CF4A08}.Debug|Any CPU.ActiveCfg = Debug|Win32
		{0E1673F3-BE77-4EBD-964A-1E0101CF4A08}.Debug|Mixed Platforms.ActiveCfg = Debug|Win32
		{0E1673F3-BE77-4EBD-964A-1E0101CF4A08}.Debug|Mixed Platforms.Build.0 = Debug|Win32
		{0E1673F3-BE77-4EBD-964A-1E0101CF4A08}.Debug|Win32.ActiveCfg = Debug|Win32
		{0E1673F3-BE77-4EBD-964A-1E0101CF4A08}.Debug|Win32.Build.0 = Debug|Win32
		{0E1673F3-BE77-4EBD-964A-1E0101CF4A08}.Release|Any CPU.ActiveCfg = Release|Win32
		{0E1673F3-BE77-4EBD-964A-1E0101CF4A08}.Release|Mixed Platforms.ActiveCfg = Release|Win32
		{0E1673F3-BE77-4EBD-964A-1E0101CF4A08}.Release|Mixed Platforms.Build.0 = Release|Win32
		{0E1673F3-BE77-4EBD-964A-1E0101CF4A08}.Release|Win32.ActiveCfg = Release|Win32
		{0E1673F3-BE77-4EBD-964A-1E0101CF4A08}.Release|Win32.Build.0 = Release|Win32
		{798FF179-2C4D-47C7-A20F-46780AEF71A6}.Debug|Any CPU.ActiveCfg = Debug|Win32
		{798FF179-2C4D-47C7-A20F-46780AEF71A6}.Debug|Mixed Platforms.ActiveCfg = Debug|Win32
		{798FF179-2C4D-47C7-A20F-46780AEF71A6}.Debug|Mixed Platforms.Build.0 = Debug|Win32
		{798FF179-2C4D-47C7-A20F-46780AEF71A6}.Debug|Win32.ActiveCfg = Debug|Win32
		{798FF179-2C4D-47C7-A20F-46780AEF71A6}.Debug|Win32.Build.0 = Debug|Win32
		{798FF179-2C4D-47C7-A20F-46780AEF71A6}.Release|Any CPU.ActiveCfg = Release|Win32
		{798FF179-2C4D-47C7-A20F-46780AEF71A6}.Release|Mixed Platforms.ActiveCfg = Release|Win32
		{798FF179-2C4D-47C7-A20F-46780AEF71A6}.Release|Mixed Platforms.Build.0 = Release|Win32
		{798FF179-2C4D-47C7-A20F-46780AEF71A6}.Release|Win32.ActiveCfg = Release|Win32
		{798FF179-2C4D-47C7-A20F-46780AEF71A6}.Release|Win32.Build.0 = Release|Win32
		{558ECBC5-1FA9-48F3-955E-BCF2E73FD18E}.Debug|Any CPU.ActiveCfg = Debug|Win32
		{558ECBC5-1FA9-48F3-955E-BCF2E73FD18E}.Debug|Mixed Platforms.ActiveCfg = Debug|Win32
		{558ECBC5-1FA9-48F3-955E-BCF2E73FD18E}.Debug|Mixed Platforms.Build.0 = Debug|Win32
		{558ECBC5-1FA9-48F3-955E-BCF2E73FD18E}.Debug|Win32.ActiveCfg = Debug|Win32
		{558ECBC5-1FA9-48F3-955E-BCF2E73FD18E}.Debug|Win32.Build.0 = Debug|Win32
		{558ECBC5-1FA9-48F3-955E-BCF2E73FD18E}.Release|Any CPU.ActiveCfg = Release|Win32
		{558ECBC5-1FA9-48F3-955E-BCF2E73FD18E}.Release|Mixed Platforms.ActiveCfg = Release|Win32
		{558ECBC5-1FA9-48F3-955E-BCF2E73FD18E}.Release|Mixed Platforms.Build.0 = Release|Win32
		{558ECBC5-1FA9-48F3-955E-BCF2E73FD18E}.Release|Win32.ActiveCfg = Release|Win32
		{558ECBC5-1FA9-48F3-955E-BCF2E73FD18E}.Release|Win32.Build.0 = Release|Win32
		{63FD3953-B658-41FC-9A9D-A1459F24ACB0}.Debug|Any CPU.ActiveCfg = Debug|Any CPU
		{63FD3953-B658-41FC-9A9D-A1459F24ACB0}.Debug|Any CPU.Build.0 = Debug|Any CPU
		{63FD3953-B658-41FC-9A9D-A1459F24ACB0}.Debug|Mixed Platforms.ActiveCfg = Debug|Any CPU
		{63FD3953-B658-41FC-9A9D-A1459F24ACB0}.Debug|Mixed Platforms.Build.0 = Debug|Any CPU
		{63FD3953-B658-41FC-9A9D-A1459F24ACB0}.Debug|Win32.ActiveCfg = Debug|Any CPU
		{63FD3953-B658-41FC-9A9D-A1459F24ACB0}.Release|Any CPU.ActiveCfg = Release|Any CPU
		{63FD3953-B658-41FC-9A9D-A1459F24ACB0}.Release|Any CPU.Build.0 = Release|Any CPU
		{63FD3953-B658-41FC-9A9D-A1459F24ACB0}.Release|Mixed Platforms.ActiveCfg = Release|Any CPU
		{63FD3953-B658-41FC-9A9D-A1459F24ACB0}.Release|Mixed Platforms.Build.0 = Release|Any CPU
		{63FD3953-B658-41FC-9A9D-A1459F24ACB0}.Release|Win32.ActiveCfg = Release|Any CPU
		{B41B1378-0407-4BDB-A8A8-2AB4F1642169}.Debug|Any CPU.ActiveCfg = Debug|Win32
		{B41B1378-0407-4BDB-A8A8-2AB4F1642169}.Debug|Mixed Platforms.ActiveCfg = Debug|Win32
		{B41B1378-0407-4BDB-A8A8-2AB4F1642169}.Debug|Mixed Platforms.Build.0 = Debug|Win32
		{B41B1378-0407-4BDB-A8A8-2AB4F1642169}.Debug|Win32.ActiveCfg = Debug|Win32
		{B41B1378-0407-4BDB-A8A8-2AB4F1642169}.Debug|Win32.Build.0 = Debug|Win32
		{B41B1378-0407-4BDB-A8A8-2AB4F1642169}.Release|Any CPU.ActiveCfg = Release|Win32
		{B41B1378-0407-4BDB-A8A8-2AB4F1642169}.Release|Mixed Platforms.ActiveCfg = Release|Win32
		{B41B1378-0407-4BDB-A8A8-2AB4F1642169}.Release|Mixed Platforms.Build.0 = Release|Win32
		{B41B1378-0407-4BDB-A8A8-2AB4F1642169}.Release|Win32.ActiveCfg = Release|Win32
		{B41B1378-0407-4BDB-A8A8-2AB4F1642169}.Release|Win32.Build.0 = Release|Win32
	EndGlobalSection
	GlobalSection(SolutionProperties) = preSolution
		HideSolutionNode = FALSE
	EndGlobalSection
	GlobalSection(NestedProjects) = preSolution
		{CD33CD06-C9D7-43C9-ADE5-3C2B83BBD20A} = {383D0525-B145-423B-8FDB-DF357CC80744}
		{A9E83719-1402-4117-9074-A3728682513E} = {D26D5276-1B2C-4BFE-93D4-02A5DD17857D}
		{383D0525-B145-423B-8FDB-DF357CC80744} = {D26D5276-1B2C-4BFE-93D4-02A5DD17857D}
		{109DC281-F5BE-4271-8C76-BC34636A346A} = {A9E83719-1402-4117-9074-A3728682513E}
		{20278279-B699-4587-B872-7A746661D354} = {383D0525-B145-423B-8FDB-DF357CC80744}
		{ED065EF0-71FB-4D08-9111-09DF0EF5203A} = {7B78E4D1-CA62-4C7E-9EA8-AC642090F65E}
		{0E1673F3-BE77-4EBD-964A-1E0101CF4A08} = {383D0525-B145-423B-8FDB-DF357CC80744}
		{798FF179-2C4D-47C7-A20F-46780AEF71A6} = {383D0525-B145-423B-8FDB-DF357CC80744}
		{161B7B16-66FD-4A90-8F96-F6A20FC294EA} = {12FF5B92-C06C-4648-AACA-A063A50F0E57}
		{7B78E4D1-CA62-4C7E-9EA8-AC642090F65E} = {12FF5B92-C06C-4648-AACA-A063A50F0E57}
		{558ECBC5-1FA9-48F3-955E-BCF2E73FD18E} = {161B7B16-66FD-4A90-8F96-F6A20FC294EA}
		{63FD3953-B658-41FC-9A9D-A1459F24ACB0} = {161B7B16-66FD-4A90-8F96-F6A20FC294EA}
		{B41B1378-0407-4BDB-A8A8-2AB4F1642169} = {383D0525-B145-423B-8FDB-DF357CC80744}
	EndGlobalSection
EndGlobal
