
Microsoft Visual Studio Solution File, Format Version 12.00
# Visual Studio 2013
VisualStudioVersion = 12.0.31101.0
MinimumVisualStudioVersion = 10.0.40219.1
Project("{8BC9CEB8-8B4A-11D0-8D11-00A0C91BC942}") = "Generics", "Generics.vcxproj", "{CD33CD06-C9D7-43C9-ADE5-3C2B83BBD20A}"
EndProject
Project("{2150E333-8FDC-42A3-9474-1A3956D46DE8}") = "Tests", "Tests", "{A9E83719-1402-4117-9074-A3728682513E}"
EndProject
Project("{2150E333-8FDC-42A3-9474-1A3956D46DE8}") = "Librairies", "Librairies", "{383D0525-B145-423B-8FDB-DF357CC80744}"
EndProject
Project("{8BC9CEB8-8B4A-11D0-8D11-00A0C91BC942}") = "TestSuite", "TestSuite.vcxproj", "{109DC281-F5BE-4271-8C76-BC34636A346A}"
	ProjectSection(ProjectDependencies) = postProject
		{CD33CD06-C9D7-43C9-ADE5-3C2B83BBD20A} = {CD33CD06-C9D7-43C9-ADE5-3C2B83BBD20A}
		{798FF179-2C4D-47C7-A20F-46780AEF71A6} = {798FF179-2C4D-47C7-A20F-46780AEF71A6}
	EndProjectSection
EndProject
Project("{8BC9CEB8-8B4A-11D0-8D11-00A0C91BC942}") = "Tools", "Tools.vcxproj", "{20278279-B699-4587-B872-7A746661D354}"
EndProject
Project("{8BC9CEB8-8B4A-11D0-8D11-00A0C91BC942}") = "Pricing", "Pricing.vcxproj", "{0E1673F3-BE77-4EBD-964A-1E0101CF4A08}"
EndProject
Project("{8BC9CEB8-8B4A-11D0-8D11-00A0C91BC942}") = "Containers", "Containers.vcxproj", "{798FF179-2C4D-47C7-A20F-46780AEF71A6}"
EndProject
Project("{8BC9CEB8-8B4A-11D0-8D11-00A0C91BC942}") = "Threading", "Threading.vcxproj", "{33AEF53A-6FA0-4A9B-B965-93BCAB30B119}"
EndProject
Project("{8BC9CEB8-8B4A-11D0-8D11-00A0C91BC942}") = "Networking", "Networking.vcxproj", "{89B12D1E-B3A9-4A20-8F45-67641377F9AD}"
EndProject
Global
	GlobalSection(SolutionConfigurationPlatforms) = preSolution
		Debug|x64 = Debug|x64
		Release|x64 = Release|x64
	EndGlobalSection
	GlobalSection(ProjectConfigurationPlatforms) = postSolution
		{CD33CD06-C9D7-43C9-ADE5-3C2B83BBD20A}.Debug|x64.ActiveCfg = Debug|x64
		{CD33CD06-C9D7-43C9-ADE5-3C2B83BBD20A}.Debug|x64.Build.0 = Debug|x64
		{CD33CD06-C9D7-43C9-ADE5-3C2B83BBD20A}.Release|x64.ActiveCfg = Release|x64
		{CD33CD06-C9D7-43C9-ADE5-3C2B83BBD20A}.Release|x64.Build.0 = Release|x64
		{109DC281-F5BE-4271-8C76-BC34636A346A}.Debug|x64.ActiveCfg = Debug|x64
		{109DC281-F5BE-4271-8C76-BC34636A346A}.Debug|x64.Build.0 = Debug|x64
		{109DC281-F5BE-4271-8C76-BC34636A346A}.Release|x64.ActiveCfg = Release|x64
		{109DC281-F5BE-4271-8C76-BC34636A346A}.Release|x64.Build.0 = Release|x64
		{20278279-B699-4587-B872-7A746661D354}.Debug|x64.ActiveCfg = Debug|x64
		{20278279-B699-4587-B872-7A746661D354}.Debug|x64.Build.0 = Debug|x64
		{20278279-B699-4587-B872-7A746661D354}.Release|x64.ActiveCfg = Release|x64
		{20278279-B699-4587-B872-7A746661D354}.Release|x64.Build.0 = Release|x64
		{0E1673F3-BE77-4EBD-964A-1E0101CF4A08}.Debug|x64.ActiveCfg = Debug|x64
		{0E1673F3-BE77-4EBD-964A-1E0101CF4A08}.Debug|x64.Build.0 = Debug|x64
		{0E1673F3-BE77-4EBD-964A-1E0101CF4A08}.Release|x64.ActiveCfg = Release|x64
		{0E1673F3-BE77-4EBD-964A-1E0101CF4A08}.Release|x64.Build.0 = Release|x64
		{798FF179-2C4D-47C7-A20F-46780AEF71A6}.Debug|x64.ActiveCfg = Debug|x64
		{798FF179-2C4D-47C7-A20F-46780AEF71A6}.Debug|x64.Build.0 = Debug|x64
		{798FF179-2C4D-47C7-A20F-46780AEF71A6}.Release|x64.ActiveCfg = Release|x64
		{798FF179-2C4D-47C7-A20F-46780AEF71A6}.Release|x64.Build.0 = Release|x64
		{33AEF53A-6FA0-4A9B-B965-93BCAB30B119}.Debug|x64.ActiveCfg = Debug|x64
		{33AEF53A-6FA0-4A9B-B965-93BCAB30B119}.Debug|x64.Build.0 = Debug|x64
		{33AEF53A-6FA0-4A9B-B965-93BCAB30B119}.Release|x64.ActiveCfg = Release|x64
		{33AEF53A-6FA0-4A9B-B965-93BCAB30B119}.Release|x64.Build.0 = Release|x64
		{89B12D1E-B3A9-4A20-8F45-67641377F9AD}.Debug|x64.ActiveCfg = Debug|x64
		{89B12D1E-B3A9-4A20-8F45-67641377F9AD}.Debug|x64.Build.0 = Debug|x64
		{89B12D1E-B3A9-4A20-8F45-67641377F9AD}.Release|x64.ActiveCfg = Release|x64
		{89B12D1E-B3A9-4A20-8F45-67641377F9AD}.Release|x64.Build.0 = Release|x64
	EndGlobalSection
	GlobalSection(SolutionProperties) = preSolution
		HideSolutionNode = FALSE
	EndGlobalSection
	GlobalSection(NestedProjects) = preSolution
		{CD33CD06-C9D7-43C9-ADE5-3C2B83BBD20A} = {383D0525-B145-423B-8FDB-DF357CC80744}
		{109DC281-F5BE-4271-8C76-BC34636A346A} = {A9E83719-1402-4117-9074-A3728682513E}
		{20278279-B699-4587-B872-7A746661D354} = {383D0525-B145-423B-8FDB-DF357CC80744}
		{0E1673F3-BE77-4EBD-964A-1E0101CF4A08} = {383D0525-B145-423B-8FDB-DF357CC80744}
		{798FF179-2C4D-47C7-A20F-46780AEF71A6} = {383D0525-B145-423B-8FDB-DF357CC80744}
		{33AEF53A-6FA0-4A9B-B965-93BCAB30B119} = {383D0525-B145-423B-8FDB-DF357CC80744}
		{89B12D1E-B3A9-4A20-8F45-67641377F9AD} = {383D0525-B145-423B-8FDB-DF357CC80744}
	EndGlobalSection
EndGlobal
