<?xml version="1.0" encoding="utf-8"?>
<Project ToolsVersion="4.0" xmlns="http://schemas.microsoft.com/developer/msbuild/2003">
  <ItemGroup>
    <Filter Include="DesignPatterns">
      <UniqueIdentifier>{a2dda478-d441-49cf-a908-bb5527d3b6df}</UniqueIdentifier>
    </Filter>
  </ItemGroup>
  <ItemGroup>
    <ClInclude Include="..\..\source\generic\Visitor.h">
      <Filter>DesignPatterns</Filter>
    </ClInclude>
    <ClInclude Include="..\..\source\generic\Observer.h">
      <Filter>DesignPatterns</Filter>
    </ClInclude>
    <ClInclude Include="..\..\source\generic\ThreadSafeSingleton.h">
      <Filter>DesignPatterns</Filter>
    </ClInclude>
    <ClInclude Include="..\..\source\generic\Typetraits.h" />
    <ClInclude Include="..\..\source\generic\HashCombine.h" />
    <ClInclude Include="..\..\source\generic\ProxyFunctor.h" />
    <ClInclude Include="..\..\source\generic\TuplePrinter.h" />
  </ItemGroup>
</Project>