<?xml version="1.0" encoding="utf-8"?>
<Project ToolsVersion="4.0" xmlns="http://schemas.microsoft.com/developer/msbuild/2003">
  <ItemGroup>
    <Filter Include="Containers">
      <UniqueIdentifier>{1651a1e8-3301-46ad-af81-6b088e242243}</UniqueIdentifier>
    </Filter>
    <Filter Include="DesignPattern">
      <UniqueIdentifier>{aaedfbce-5910-4f83-bae6-12a094be0b68}</UniqueIdentifier>
    </Filter>
    <Filter Include="Exercice">
      <UniqueIdentifier>{645b78f4-ebde-4402-b268-8943523ae891}</UniqueIdentifier>
    </Filter>
    <Filter Include="ImpracticalTest">
      <UniqueIdentifier>{f71aa018-5c94-4e0e-8a7d-4f91cb31eb4e}</UniqueIdentifier>
    </Filter>
    <Filter Include="Intern">
      <UniqueIdentifier>{daf409f9-ded1-48a6-be77-7a4d3a4e7cec}</UniqueIdentifier>
    </Filter>
    <Filter Include="MetaProgramming">
      <UniqueIdentifier>{7b9f038a-93ec-4302-93d7-742c2119735f}</UniqueIdentifier>
    </Filter>
    <Filter Include="Mocking">
      <UniqueIdentifier>{217cb8ca-0929-4cad-8505-633ceb6f2777}</UniqueIdentifier>
    </Filter>
    <Filter Include="Networking">
      <UniqueIdentifier>{f0672893-3e55-49b8-85d7-735281f484f7}</UniqueIdentifier>
    </Filter>
    <Filter Include="ScopeGuard">
      <UniqueIdentifier>{3f547b0e-6bf8-43b3-a048-e351bf5c063c}</UniqueIdentifier>
    </Filter>
    <Filter Include="Pricing">
      <UniqueIdentifier>{14b1379a-4b0a-4f29-a005-0ee4d86e37fc}</UniqueIdentifier>
    </Filter>
    <Filter Include="STL">
      <UniqueIdentifier>{3301c939-acf3-4027-94bf-f89e4c44116e}</UniqueIdentifier>
    </Filter>
    <Filter Include="SyntaxSpecific">
      <UniqueIdentifier>{f3ad7e35-65da-4332-9f5c-1df8395a7801}</UniqueIdentifier>
    </Filter>
    <Filter Include="Threading">
      <UniqueIdentifier>{9777bfd9-3eec-4bd7-9a00-f4dcbb14403f}</UniqueIdentifier>
    </Filter>
  </ItemGroup>
  <ItemGroup>
    <ClCompile Include="..\..\source\testsuite\Initializer.cpp">
      <Filter>Intern</Filter>
    </ClCompile>
    <ClCompile Include="..\..\source\testsuite\ProxyFunctorTestSuite.cpp" />
    <ClCompile Include="..\..\source\testsuite\ContainerTestSuite.cpp" />
    <ClCompile Include="..\..\source\testsuite\CustomContainerTestSuite.cpp" />
    <ClCompile Include="..\..\source\testsuite\FactoryTestSuite.cpp" />
    <ClCompile Include="..\..\source\testsuite\ObserverTestSuite.cpp" />
    <ClCompile Include="..\..\source\testsuite\SingletonTestSuite.cpp" />
    <ClCompile Include="..\..\source\testsuite\VisitorTestSuite.cpp" />
    <ClCompile Include="..\..\source\testsuite\AlgoTestSuite.cpp" />
    <ClCompile Include="ExceptionalCpp.cpp" />
    <ClCompile Include="..\..\source\testsuite\BranchPredictionTestSuite.cpp" />
    <ClCompile Include="..\..\source\testsuite\FunctionCallTestSuite.cpp" />
    <ClCompile Include="..\..\source\testsuite\OptimizationTricks.cpp" />
    <ClCompile Include="..\..\source\testsuite\MetaProgTestSuite.cpp" />
    <ClCompile Include="..\..\source\testsuite\TMPExercicesTestSuite.cpp" />
    <ClCompile Include="..\..\source\testsuite\TypeTraitsTestSuite.cpp" />
    <ClCompile Include="..\..\source\testsuite\MockTestSuite.cpp" />
    <ClCompile Include="..\..\source\testsuite\BasicNetworkingTestSuite.cpp" />
    <ClCompile Include="..\..\source\testsuite\ScopeGuardTestSuite.cpp" />
    <ClCompile Include="..\..\source\testsuite\StandardDeviationTestSuite.cpp" />
    <ClCompile Include="..\..\source\testsuite\ExperimentalTestSuite.cpp" />
    <ClCompile Include="..\..\source\testsuite\SmartPointer.cpp" />
    <ClCompile Include="..\..\source\testsuite\STLTestSuite.cpp" />
    <ClCompile Include="..\..\source\testsuite\ArgumentTestSuite.cpp" />
    <ClCompile Include="..\..\source\testsuite\SyntaxSpecificityTestSuite.cpp" />
    <ClCompile Include="..\..\source\testsuite\FutureTestSuite.cpp" />
    <ClCompile Include="..\..\source\testsuite\LockFreeTestSuite.cpp" />
    <ClCompile Include="..\..\source\testsuite\MemoryOrderingTestSuite.cpp" />
    <ClCompile Include="..\..\source\testsuite\ThreadingTestSuite.cpp" />
    <ClCompile Include="..\..\source\testsuite\ByteTestSuite.cpp" />
    <ClCompile Include="..\..\source\testsuite\CRTPTestSuite.cpp" />
    <ClCompile Include="..\..\source\testsuite\ExceptionTestSuite.cpp" />
    <ClCompile Include="..\..\source\testsuite\FeatureTestSuite.cpp" />
    <ClCompile Include="..\..\source\testsuite\HashingTestSuite.cpp" />
    <ClCompile Include="..\..\source\testsuite\MacroTestSuite.cpp" />
    <ClCompile Include="..\..\source\testsuite\MemoryPoolTestSuite.cpp" />
  </ItemGroup>
</Project>