<?xml version="1.0" encoding="utf-8"?>
<Project ToolsVersion="4.0" xmlns="http://schemas.microsoft.com/developer/msbuild/2003">
  <ItemGroup>
    <ClCompile Include="..\..\source\tools\MemoryPool.cpp" />
    <ClCompile Include="..\..\source\tools\Timer.cpp" />
  </ItemGroup>
  <ItemGroup>
    <ClInclude Include="..\..\source\tools\MemoryPool.h" />
    <ClInclude Include="..\..\source\tools\Timer.h" />
    <ClInclude Include="..\..\source\tools\ScopeGuard.h" />
    <ClInclude Include="..\..\source\tools\AnonymousVariable.h" />
  </ItemGroup>
</Project>